// !$*UTF8*$!
{
	archiveVersion = 1;
	classes = {
	};
	objectVersion = 46;
	objects = {

/* Begin PBXBuildFile section */
		71FA79FD1EDC3EF9006E96A4 /* main.m in Sources */ = {isa = PBXBuildFile; fileRef = 71FA79FC1EDC3EF9006E96A4 /* main.m */; };
		71FA7A001EDC3EF9006E96A4 /* AppDelegate.m in Sources */ = {isa = PBXBuildFile; fileRef = 71FA79FF1EDC3EF9006E96A4 /* AppDelegate.m */; };
		71FA7A031EDC3EF9006E96A4 /* ViewController.m in Sources */ = {isa = PBXBuildFile; fileRef = 71FA7A021EDC3EF9006E96A4 /* ViewController.m */; };
		71FA7A061EDC3EF9006E96A4 /* Main.storyboard in Resources */ = {isa = PBXBuildFile; fileRef = 71FA7A041EDC3EF9006E96A4 /* Main.storyboard */; };
		71FA7A081EDC3EF9006E96A4 /* Assets.xcassets in Resources */ = {isa = PBXBuildFile; fileRef = 71FA7A071EDC3EF9006E96A4 /* Assets.xcassets */; };
		71FA7A0B1EDC3EF9006E96A4 /* LaunchScreen.storyboard in Resources */ = {isa = PBXBuildFile; fileRef = 71FA7A091EDC3EF9006E96A4 /* LaunchScreen.storyboard */; };
		71FA7A161EDC3F28006E96A4 /* JDDroppableView.m in Sources */ = {isa = PBXBuildFile; fileRef = 71FA7A151EDC3F28006E96A4 /* JDDroppableView.m */; };
		71FA7A191EDC3F98006E96A4 /* UIKit.framework in Frameworks */ = {isa = PBXBuildFile; fileRef = 71FA7A181EDC3F98006E96A4 /* UIKit.framework */; };
		71FA7A1B1EDC3FA3006E96A4 /* Foundation.framework in Frameworks */ = {isa = PBXBuildFile; fileRef = 71FA7A1A1EDC3FA3006E96A4 /* Foundation.framework */; };
		71FA7A1D1EDC3FAA006E96A4 /* CoreGraphics.framework in Frameworks */ = {isa = PBXBuildFile; fileRef = 71FA7A1C1EDC3FAA006E96A4 /* CoreGraphics.framework */; };
		71FA7A1F1EDC3FB1006E96A4 /* QuartzCore.framework in Frameworks */ = {isa = PBXBuildFile; fileRef = 71FA7A1E1EDC3FB1006E96A4 /* QuartzCore.framework */; };
/* End PBXBuildFile section */

/* Begin PBXFileReference section */
		71FA79F81EDC3EF9006E96A4 /* sample.app */ = {isa = PBXFileReference; explicitFileType = wrapper.application; includeInIndex = 0; path = sample.app; sourceTree = BUILT_PRODUCTS_DIR; };
		71FA79FC1EDC3EF9006E96A4 /* main.m */ = {isa = PBXFileReference; lastKnownFileType = sourcecode.c.objc; path = main.m; sourceTree = "<group>"; };
		71FA79FE1EDC3EF9006E96A4 /* AppDelegate.h */ = {isa = PBXFileReference; lastKnownFileType = sourcecode.c.h; path = AppDelegate.h; sourceTree = "<group>"; };
		71FA79FF1EDC3EF9006E96A4 /* AppDelegate.m */ = {isa = PBXFileReference; lastKnownFileType = sourcecode.c.objc; path = AppDelegate.m; sourceTree = "<group>"; };
		71FA7A011EDC3EF9006E96A4 /* ViewController.h */ = {isa = PBXFileReference; lastKnownFileType = sourcecode.c.h; path = ViewController.h; sourceTree = "<group>"; };
		71FA7A021EDC3EF9006E96A4 /* ViewController.m */ = {isa = PBXFileReference; lastKnownFileType = sourcecode.c.objc; path = ViewController.m; sourceTree = "<group>"; };
		71FA7A051EDC3EF9006E96A4 /* Base */ = {isa = PBXFileReference; lastKnownFileType = file.storyboard; name = Base; path = Base.lproj/Main.storyboard; sourceTree = "<group>"; };
		71FA7A071EDC3EF9006E96A4 /* Assets.xcassets */ = {isa = PBXFileReference; lastKnownFileType = folder.assetcatalog; path = Assets.xcassets; sourceTree = "<group>"; };
		71FA7A0A1EDC3EF9006E96A4 /* Base */ = {isa = PBXFileReference; lastKnownFileType = file.storyboard; name = Base; path = Base.lproj/LaunchScreen.storyboard; sourceTree = "<group>"; };
		71FA7A0C1EDC3EF9006E96A4 /* Info.plist */ = {isa = PBXFileReference; lastKnownFileType = text.plist.xml; path = Info.plist; sourceTree = "<group>"; };
		71FA7A121EDC3F23006E96A4 /* Prefix.pch */ = {isa = PBXFileReference; fileEncoding = 4; lastKnownFileType = sourcecode.c.h; path = Prefix.pch; sourceTree = "<group>"; };
		71FA7A141EDC3F28006E96A4 /* JDDroppableView.h */ = {isa = PBXFileReference; fileEncoding = 4; lastKnownFileType = sourcecode.c.h; path = JDDroppableView.h; sourceTree = "<group>"; };
		71FA7A151EDC3F28006E96A4 /* JDDroppableView.m */ = {isa = PBXFileReference; fileEncoding = 4; lastKnownFileType = sourcecode.c.objc; path = JDDroppableView.m; sourceTree = "<group>"; };
		71FA7A181EDC3F98006E96A4 /* UIKit.framework */ = {isa = PBXFileReference; lastKnownFileType = wrapper.framework; name = UIKit.framework; path = System/Library/Frameworks/UIKit.framework; sourceTree = SDKROOT; };
		71FA7A1A1EDC3FA3006E96A4 /* Foundation.framework */ = {isa = PBXFileReference; lastKnownFileType = wrapper.framework; name = Foundation.framework; path = System/Library/Frameworks/Foundation.framework; sourceTree = SDKROOT; };
		71FA7A1C1EDC3FAA006E96A4 /* CoreGraphics.framework */ = {isa = PBXFileReference; lastKnownFileType = wrapper.framework; name = CoreGraphics.framework; path = System/Library/Frameworks/CoreGraphics.framework; sourceTree = SDKROOT; };
		71FA7A1E1EDC3FB1006E96A4 /* QuartzCore.framework */ = {isa = PBXFileReference; lastKnownFileType = wrapper.framework; name = QuartzCore.framework; path = System/Library/Frameworks/QuartzCore.framework; sourceTree = SDKROOT; };
/* End PBXFileReference section */

/* Begin PBXFrameworksBuildPhase section */
		71FA79F51EDC3EF9006E96A4 /* Frameworks */ = {
			isa = PBXFrameworksBuildPhase;
			buildActionMask = 2147483647;
			files = (
				71FA7A1F1EDC3FB1006E96A4 /* QuartzCore.framework in Frameworks */,
				71FA7A1D1EDC3FAA006E96A4 /* CoreGraphics.framework in Frameworks */,
				71FA7A1B1EDC3FA3006E96A4 /* Foundation.framework in Frameworks */,
				71FA7A191EDC3F98006E96A4 /* UIKit.framework in Frameworks */,
			);
			runOnlyForDeploymentPostprocessing = 0;
		};
/* End PBXFrameworksBuildPhase section */

/* Begin PBXGroup section */
		71FA79EF1EDC3EF9006E96A4 = {
			isa = PBXGroup;
			children = (
				71FA79FA1EDC3EF9006E96A4 /* sample */,
				71FA79F91EDC3EF9006E96A4 /* Products */,
				71FA7A171EDC3F98006E96A4 /* Frameworks */,
			);
			sourceTree = "<group>";
		};
		71FA79F91EDC3EF9006E96A4 /* Products */ = {
			isa = PBXGroup;
			children = (
				71FA79F81EDC3EF9006E96A4 /* sample.app */,
			);
			name = Products;
			sourceTree = "<group>";
		};
		71FA79FA1EDC3EF9006E96A4 /* sample */ = {
			isa = PBXGroup;
			children = (
				71FA7A131EDC3F28006E96A4 /* DroppableView */,
				71FA7A121EDC3F23006E96A4 /* Prefix.pch */,
				71FA79FE1EDC3EF9006E96A4 /* AppDelegate.h */,
				71FA79FF1EDC3EF9006E96A4 /* AppDelegate.m */,
				71FA7A011EDC3EF9006E96A4 /* ViewController.h */,
				71FA7A021EDC3EF9006E96A4 /* ViewController.m */,
				71FA7A041EDC3EF9006E96A4 /* Main.storyboard */,
				71FA7A071EDC3EF9006E96A4 /* Assets.xcassets */,
				71FA7A091EDC3EF9006E96A4 /* LaunchScreen.storyboard */,
				71FA7A0C1EDC3EF9006E96A4 /* Info.plist */,
				71FA79FB1EDC3EF9006E96A4 /* Supporting Files */,
			);
			path = sample;
			sourceTree = "<group>";
		};
		71FA79FB1EDC3EF9006E96A4 /* Supporting Files */ = {
			isa = PBXGroup;
			children = (
				71FA79FC1EDC3EF9006E96A4 /* main.m */,
			);
			name = "Supporting Files";
			sourceTree = "<group>";
		};
		71FA7A131EDC3F28006E96A4 /* DroppableView */ = {
			isa = PBXGroup;
			children = (
				71FA7A141EDC3F28006E96A4 /* JDDroppableView.h */,
				71FA7A151EDC3F28006E96A4 /* JDDroppableView.m */,
			);
			path = DroppableView;
			sourceTree = "<group>";
		};
		71FA7A171EDC3F98006E96A4 /* Frameworks */ = {
			isa = PBXGroup;
			children = (
				71FA7A1E1EDC3FB1006E96A4 /* QuartzCore.framework */,
				71FA7A1C1EDC3FAA006E96A4 /* CoreGraphics.framework */,
				71FA7A1A1EDC3FA3006E96A4 /* Foundation.framework */,
				71FA7A181EDC3F98006E96A4 /* UIKit.framework */,
			);
			name = Frameworks;
			sourceTree = "<group>";
		};
/* End PBXGroup section */

/* Begin PBXNativeTarget section */
		71FA79F71EDC3EF9006E96A4 /* sample */ = {
			isa = PBXNativeTarget;
			buildConfigurationList = 71FA7A0F1EDC3EF9006E96A4 /* Build configuration list for PBXNativeTarget "sample" */;
			buildPhases = (
				71FA79F41EDC3EF9006E96A4 /* Sources */,
				71FA79F51EDC3EF9006E96A4 /* Frameworks */,
				71FA79F61EDC3EF9006E96A4 /* Resources */,
			);
			buildRules = (
			);
			dependencies = (
			);
			name = sample;
			productName = sample;
			productReference = 71FA79F81EDC3EF9006E96A4 /* sample.app */;
			productType = "com.apple.product-type.application";
		};
/* End PBXNativeTarget section */

/* Begin PBXProject section */
		71FA79F01EDC3EF9006E96A4 /* Project object */ = {
			isa = PBXProject;
			attributes = {
				LastUpgradeCheck = 0830;
				ORGANIZATIONNAME = AscraTech;
				TargetAttributes = {
					71FA79F71EDC3EF9006E96A4 = {
						CreatedOnToolsVersion = 8.3.2;
						DevelopmentTeam = HN7HE9THJU;
						ProvisioningStyle = Automatic;
					};
				};
			};
			buildConfigurationList = 71FA79F31EDC3EF9006E96A4 /* Build configuration list for PBXProject "sample" */;
			compatibilityVersion = "Xcode 3.2";
			developmentRegion = English;
			hasScannedForEncodings = 0;
			knownRegions = (
				en,
				Base,
			);
			mainGroup = 71FA79EF1EDC3EF9006E96A4;
			productRefGroup = 71FA79F91EDC3EF9006E96A4 /* Products */;
			projectDirPath = "";
			projectRoot = "";
			targets = (
				71FA79F71EDC3EF9006E96A4 /* sample */,
			);
		};
/* End PBXProject section */

/* Begin PBXResourcesBuildPhase section */
		71FA79F61EDC3EF9006E96A4 /* Resources */ = {
			isa = PBXResourcesBuildPhase;
			buildActionMask = 2147483647;
			files = (
				71FA7A0B1EDC3EF9006E96A4 /* LaunchScreen.storyboard in Resources */,
				71FA7A081EDC3EF9006E96A4 /* Assets.xcassets in Resources */,
				71FA7A061EDC3EF9006E96A4 /* Main.storyboard in Resources */,
			);
			runOnlyForDeploymentPostprocessing = 0;
		};
/* End PBXResourcesBuildPhase section */

/* Begin PBXSourcesBuildPhase section */
		71FA79F41EDC3EF9006E96A4 /* Sources */ = {
			isa = PBXSourcesBuildPhase;
			buildActionMask = 2147483647;
			files = (
				71FA7A031EDC3EF9006E96A4 /* ViewController.m in Sources */,
				71FA7A001EDC3EF9006E96A4 /* AppDelegate.m in Sources */,
				71FA7A161EDC3F28006E96A4 /* JDDroppableView.m in Sources */,
				71FA79FD1EDC3EF9006E96A4 /* main.m in Sources */,
			);
			runOnlyForDeploymentPostprocessing = 0;
		};
/* End PBXSourcesBuildPhase section */

/* Begin PBXVariantGroup section */
		71FA7A041EDC3EF9006E96A4 /* Main.storyboard */ = {
			isa = PBXVariantGroup;
			children = (
				71FA7A051EDC3EF9006E96A4 /* Base */,
			);
			name = Main.storyboard;
			sourceTree = "<group>";
		};
		71FA7A091EDC3EF9006E96A4 /* LaunchScreen.storyboard */ = {
			isa = PBXVariantGroup;
			children = (
				71FA7A0A1EDC3EF9006E96A4 /* Base */,
			);
			name = LaunchScreen.storyboard;
			sourceTree = "<group>";
		};
/* End PBXVariantGroup section */

/* Begin XCBuildConfiguration section */
		71FA7A0D1EDC3EF9006E96A4 /* Debug */ = {
			isa = XCBuildConfiguration;
			buildSettings = {
				ALWAYS_SEARCH_USER_PATHS = NO;
				CLANG_ANALYZER_NONNULL = YES;
				CLANG_ANALYZER_NUMBER_OBJECT_CONVERSION = YES_AGGRESSIVE;
				CLANG_CXX_LANGUAGE_STANDARD = "gnu++0x";
				CLANG_CXX_LIBRARY = "libc++";
				CLANG_ENABLE_MODULES = YES;
				CLANG_ENABLE_OBJC_ARC = YES;
				CLANG_WARN_BOOL_CONVERSION = YES;
				CLANG_WARN_CONSTANT_CONVERSION = YES;
				CLANG_WARN_DIRECT_OBJC_ISA_USAGE = YES_ERROR;
				CLANG_WARN_DOCUMENTATION_COMMENTS = YES;
				CLANG_WARN_EMPTY_BODY = YES;
				CLANG_WARN_ENUM_CONVERSION = YES;
				CLANG_WARN_INFINITE_RECURSION = YES;
				CLANG_WARN_INT_CONVERSION = YES;
				CLANG_WARN_OBJC_ROOT_CLASS = YES_ERROR;
				CLANG_WARN_SUSPICIOUS_MOVE = YES;
				CLANG_WARN_UNREACHABLE_CODE = YES;
				CLANG_WARN__DUPLICATE_METHOD_MATCH = YES;
				"CODE_SIGN_IDENTITY[sdk=iphoneos*]" = "iPhone Developer";
				COPY_PHASE_STRIP = NO;
				DEBUG_INFORMATION_FORMAT = dwarf;
				ENABLE_STRICT_OBJC_MSGSEND = YES;
				ENABLE_TESTABILITY = YES;
				GCC_C_LANGUAGE_STANDARD = gnu99;
				GCC_DYNAMIC_NO_PIC = NO;
				GCC_NO_COMMON_BLOCKS = YES;
				GCC_OPTIMIZATION_LEVEL = 0;
				GCC_PREPROCESSOR_DEFINITIONS = (
					"DEBUG=1",
					"$(inherited)",
				);
				GCC_WARN_64_TO_32_BIT_CONVERSION = YES;
				GCC_WARN_ABOUT_RETURN_TYPE = YES_ERROR;
				GCC_WARN_UNDECLARED_SELECTOR = YES;
				GCC_WARN_UNINITIALIZED_AUTOS = YES_AGGRESSIVE;
				GCC_WARN_UNUSED_FUNCTION = YES;
				GCC_WARN_UNUSED_VARIABLE = YES;
				IPHONEOS_DEPLOYMENT_TARGET = 10.3;
				MTL_ENABLE_DEBUG_INFO = YES;
				ONLY_ACTIVE_ARCH = YES;
				SDKROOT = iphoneos;
				TARGETED_DEVICE_FAMILY = "1,2";
			};
			name = Debug;
		};
		71FA7A0E1EDC3EF9006E96A4 /* Release */ = {
			isa = XCBuildConfiguration;
			buildSettings = {
				ALWAYS_SEARCH_USER_PATHS = NO;
				CLANG_ANALYZER_NONNULL = YES;
				CLANG_ANALYZER_NUMBER_OBJECT_CONVERSION = YES_AGGRESSIVE;
				CLANG_CXX_LANGUAGE_STANDARD = "gnu++0x";
				CLANG_CXX_LIBRARY = "libc++";
				CLANG_ENABLE_MODULES = YES;
				CLANG_ENABLE_OBJC_ARC = YES;
				CLANG_WARN_BOOL_CONVERSION = YES;
				CLANG_WARN_CONSTANT_CONVERSION = YES;
				CLANG_WARN_DIRECT_OBJC_ISA_USAGE = YES_ERROR;
				CLANG_WARN_DOCUMENTATION_COMMENTS = YES;
				CLANG_WARN_EMPTY_BODY = YES;
				CLANG_WARN_ENUM_CONVERSION = YES;
				CLANG_WARN_INFINITE_RECURSION = YES;
				CLANG_WARN_INT_CONVERSION = YES;
				CLANG_WARN_OBJC_ROOT_CLASS = YES_ERROR;
				CLANG_WARN_SUSPICIOUS_MOVE = YES;
				CLANG_WARN_UNREACHABLE_CODE = YES;
				CLANG_WARN__DUPLICATE_METHOD_MATCH = YES;
				"CODE_SIGN_IDENTITY[sdk=iphoneos*]" = "iPhone Developer";
				COPY_PHASE_STRIP = NO;
				DEBUG_INFORMATION_FORMAT = "dwarf-with-dsym";
				ENABLE_NS_ASSERTIONS = NO;
				ENABLE_STRICT_OBJC_MSGSEND = YES;
				GCC_C_LANGUAGE_STANDARD = gnu99;
				GCC_NO_COMMON_BLOCKS = YES;
				GCC_WARN_64_TO_32_BIT_CONVERSION = YES;
				GCC_WARN_ABOUT_RETURN_TYPE = YES_ERROR;
				GCC_WARN_UNDECLARED_SELECTOR = YES;
				GCC_WARN_UNINITIALIZED_AUTOS = YES_AGGRESSIVE;
				GCC_WARN_UNUSED_FUNCTION = YES;
				GCC_WARN_UNUSED_VARIABLE = YES;
				IPHONEOS_DEPLOYMENT_TARGET = 10.3;
				MTL_ENABLE_DEBUG_INFO = NO;
				SDKROOT = iphoneos;
				TARGETED_DEVICE_FAMILY = "1,2";
				VALIDATE_PRODUCT = YES;
			};
			name = Release;
		};
		71FA7A101EDC3EF9006E96A4 /* Debug */ = {
			isa = XCBuildConfiguration;
			buildSettings = {
				ASSETCATALOG_COMPILER_APPICON_NAME = AppIcon;
				DEVELOPMENT_TEAM = HN7HE9THJU;
				INFOPLIST_FILE = sample/Info.plist;
				IPHONEOS_DEPLOYMENT_TARGET = 8.0;
				LD_RUNPATH_SEARCH_PATHS = "$(inherited) @executable_path/Frameworks";
				PRODUCT_BUNDLE_IDENTIFIER = com.location.sap.sample;
				PRODUCT_NAME = "$(TARGET_NAME)";
			};
			name = Debug;
		};
		71FA7A111EDC3EF9006E96A4 /* Release */ = {
			isa = XCBuildConfiguration;
			buildSettings = {
				ASSETCATALOG_COMPILER_APPICON_NAME = AppIcon;
				DEVELOPMENT_TEAM = HN7HE9THJU;
				INFOPLIST_FILE = sample/Info.plist;
				IPHONEOS_DEPLOYMENT_TARGET = 8.0;
				LD_RUNPATH_SEARCH_PATHS = "$(inherited) @executable_path/Frameworks";
				PRODUCT_BUNDLE_IDENTIFIER = com.location.sap.sample;
				PRODUCT_NAME = "$(TARGET_NAME)";
			};
			name = Release;
		};
/* End XCBuildConfiguration section */

/* Begin XCConfigurationList section */
		71FA79F31EDC3EF9006E96A4 /* Build configuration list for PBXProject "sample" */ = {
			isa = XCConfigurationList;
			buildConfigurations = (
				71FA7A0D1EDC3EF9006E96A4 /* Debug */,
				71FA7A0E1EDC3EF9006E96A4 /* Release */,
			);
			defaultConfigurationIsVisible = 0;
			defaultConfigurationName = Release;
		};
		71FA7A0F1EDC3EF9006E96A4 /* Build configuration list for PBXNativeTarget "sample" */ = {
			isa = XCConfigurationList;
			buildConfigurations = (
				71FA7A101EDC3EF9006E96A4 /* Debug */,
				71FA7A111EDC3EF9006E96A4 /* Release */,
			);
			defaultConfigurationIsVisible = 0;
		};
/* End XCConfigurationList section */
	};
	rootObject = 71FA79F01EDC3EF9006E96A4 /* Project object */;
}
